
Microsoft Visual Studio Solution File, Format Version 12.00
# Visual Studio Version 17
Project("{8BC9CEB8-8B4A-11D0-8D11-00A0C91BC942}") = "BorealisEditor", "BorealisEditor\BorealisEditor.vcxproj", "{BD6648F7-A934-3CFD-92C8-AC237E351862}"
EndProject
Project("{8BC9CEB8-8B4A-11D0-8D11-00A0C91BC942}") = "Borealis", "Borealis\Borealis.vcxproj", "{765073D6-621D-CEE1-8B36-BC8977620370}"
EndProject
Project("{8BC9CEB8-8B4A-11D0-8D11-00A0C91BC942}") = "BorealisAssetCompiler", "BorealisAssetCompiler\BorealisAssetCompiler.vcxproj", "{719FBB84-DD0B-777F-A6FF-0EDD122B99E7}"
EndProject
Project("{8BC9CEB8-8B4A-11D0-8D11-00A0C91BC942}") = "BorealisRuntime", "BorealisRuntime\BorealisRuntime.vcxproj", "{9A670CF1-06F3-79B5-0F04-FDA97B0ED6B5}"
EndProject
Project("{FAE04EC0-301F-11D3-BF4B-00C04F79EFBC}") = "BorealisScriptCore", "BorealisScriptCore\BorealisScriptCore.csproj", "{F4D9AE64-E0BD-6FBA-491E-6A0D35215A3C}"
EndProject
Project("{2150E333-8FDC-42A3-9474-1A3956D46DE8}") = "Dependencies", "Dependencies", "{53E47842-3FC8-3998-A828-34EB942B241A}"
EndProject
Project("{8BC9CEB8-8B4A-11D0-8D11-00A0C91BC942}") = "Assimp", "BorealisEditor\lib\Assimp\Assimp.vcxproj", "{5234E0A7-3ED6-0A7E-2791-1ED213D291CE}"
EndProject
Project("{8BC9CEB8-8B4A-11D0-8D11-00A0C91BC942}") = "ImGuiNodeEditor", "BorealisEditor\lib\imgui-node-editor\ImGuiNodeEditor.vcxproj", "{0D1D5786-79A8-C44A-82B9-473FEEC3204B}"
EndProject
Project("{8BC9CEB8-8B4A-11D0-8D11-00A0C91BC942}") = "Tracy", "Borealis\lib\Tracy\Tracy.vcxproj", "{88372F0E-F44B-57BF-BDCD-FA1E29A153F0}"
EndProject
Global
	GlobalSection(SolutionConfigurationPlatforms) = preSolution
		Debug|x64 = Debug|x64
		Distribution|x64 = Distribution|x64
		Release|x64 = Release|x64
	EndGlobalSection
	GlobalSection(ProjectConfigurationPlatforms) = postSolution
		{BD6648F7-A934-3CFD-92C8-AC237E351862}.Debug|x64.ActiveCfg = Debug|x64
		{BD6648F7-A934-3CFD-92C8-AC237E351862}.Debug|x64.Build.0 = Debug|x64
		{BD6648F7-A934-3CFD-92C8-AC237E351862}.Distribution|x64.ActiveCfg = Distribution|x64
		{BD6648F7-A934-3CFD-92C8-AC237E351862}.Distribution|x64.Build.0 = Distribution|x64
		{BD6648F7-A934-3CFD-92C8-AC237E351862}.Release|x64.ActiveCfg = Release|x64
		{BD6648F7-A934-3CFD-92C8-AC237E351862}.Release|x64.Build.0 = Release|x64
		{765073D6-621D-CEE1-8B36-BC8977620370}.Debug|x64.ActiveCfg = Debug|x64
		{765073D6-621D-CEE1-8B36-BC8977620370}.Debug|x64.Build.0 = Debug|x64
		{765073D6-621D-CEE1-8B36-BC8977620370}.Distribution|x64.ActiveCfg = Distribution|x64
		{765073D6-621D-CEE1-8B36-BC8977620370}.Distribution|x64.Build.0 = Distribution|x64
		{765073D6-621D-CEE1-8B36-BC8977620370}.Release|x64.ActiveCfg = Release|x64
		{765073D6-621D-CEE1-8B36-BC8977620370}.Release|x64.Build.0 = Release|x64
		{719FBB84-DD0B-777F-A6FF-0EDD122B99E7}.Debug|x64.ActiveCfg = Debug|x64
		{719FBB84-DD0B-777F-A6FF-0EDD122B99E7}.Debug|x64.Build.0 = Debug|x64
		{719FBB84-DD0B-777F-A6FF-0EDD122B99E7}.Distribution|x64.ActiveCfg = Distribution|x64
		{719FBB84-DD0B-777F-A6FF-0EDD122B99E7}.Distribution|x64.Build.0 = Distribution|x64
		{719FBB84-DD0B-777F-A6FF-0EDD122B99E7}.Release|x64.ActiveCfg = Release|x64
		{719FBB84-DD0B-777F-A6FF-0EDD122B99E7}.Release|x64.Build.0 = Release|x64
		{9A670CF1-06F3-79B5-0F04-FDA97B0ED6B5}.Debug|x64.ActiveCfg = Debug|x64
		{9A670CF1-06F3-79B5-0F04-FDA97B0ED6B5}.Debug|x64.Build.0 = Debug|x64
		{9A670CF1-06F3-79B5-0F04-FDA97B0ED6B5}.Distribution|x64.ActiveCfg = Distribution|x64
		{9A670CF1-06F3-79B5-0F04-FDA97B0ED6B5}.Distribution|x64.Build.0 = Distribution|x64
		{9A670CF1-06F3-79B5-0F04-FDA97B0ED6B5}.Release|x64.ActiveCfg = Release|x64
		{9A670CF1-06F3-79B5-0F04-FDA97B0ED6B5}.Release|x64.Build.0 = Release|x64
		{F4D9AE64-E0BD-6FBA-491E-6A0D35215A3C}.Debug|x64.ActiveCfg = Debug|x64
		{F4D9AE64-E0BD-6FBA-491E-6A0D35215A3C}.Debug|x64.Build.0 = Debug|x64
		{F4D9AE64-E0BD-6FBA-491E-6A0D35215A3C}.Distribution|x64.ActiveCfg = Distribution|x64
		{F4D9AE64-E0BD-6FBA-491E-6A0D35215A3C}.Distribution|x64.Build.0 = Distribution|x64
		{F4D9AE64-E0BD-6FBA-491E-6A0D35215A3C}.Release|x64.ActiveCfg = Release|x64
		{F4D9AE64-E0BD-6FBA-491E-6A0D35215A3C}.Release|x64.Build.0 = Release|x64
		{5234E0A7-3ED6-0A7E-2791-1ED213D291CE}.Debug|x64.ActiveCfg = Debug|x64
		{5234E0A7-3ED6-0A7E-2791-1ED213D291CE}.Debug|x64.Build.0 = Debug|x64
		{5234E0A7-3ED6-0A7E-2791-1ED213D291CE}.Distribution|x64.ActiveCfg = Distribution|x64
		{5234E0A7-3ED6-0A7E-2791-1ED213D291CE}.Distribution|x64.Build.0 = Distribution|x64
		{5234E0A7-3ED6-0A7E-2791-1ED213D291CE}.Release|x64.ActiveCfg = Release|x64
		{5234E0A7-3ED6-0A7E-2791-1ED213D291CE}.Release|x64.Build.0 = Release|x64
		{0D1D5786-79A8-C44A-82B9-473FEEC3204B}.Debug|x64.ActiveCfg = Debug|x64
		{0D1D5786-79A8-C44A-82B9-473FEEC3204B}.Debug|x64.Build.0 = Debug|x64
		{0D1D5786-79A8-C44A-82B9-473FEEC3204B}.Distribution|x64.ActiveCfg = Distribution|x64
		{0D1D5786-79A8-C44A-82B9-473FEEC3204B}.Distribution|x64.Build.0 = Distribution|x64
		{0D1D5786-79A8-C44A-82B9-473FEEC3204B}.Release|x64.ActiveCfg = Release|x64
		{0D1D5786-79A8-C44A-82B9-473FEEC3204B}.Release|x64.Build.0 = Release|x64
		{88372F0E-F44B-57BF-BDCD-FA1E29A153F0}.Debug|x64.ActiveCfg = Debug|x64
		{88372F0E-F44B-57BF-BDCD-FA1E29A153F0}.Debug|x64.Build.0 = Debug|x64
		{88372F0E-F44B-57BF-BDCD-FA1E29A153F0}.Distribution|x64.ActiveCfg = Distribution|x64
		{88372F0E-F44B-57BF-BDCD-FA1E29A153F0}.Distribution|x64.Build.0 = Distribution|x64
		{88372F0E-F44B-57BF-BDCD-FA1E29A153F0}.Release|x64.ActiveCfg = Release|x64
		{88372F0E-F44B-57BF-BDCD-FA1E29A153F0}.Release|x64.Build.0 = Release|x64
	EndGlobalSection
	GlobalSection(SolutionProperties) = preSolution
		HideSolutionNode = FALSE
	EndGlobalSection
	GlobalSection(NestedProjects) = preSolution
		{5234E0A7-3ED6-0A7E-2791-1ED213D291CE} = {53E47842-3FC8-3998-A828-34EB942B241A}
		{0D1D5786-79A8-C44A-82B9-473FEEC3204B} = {53E47842-3FC8-3998-A828-34EB942B241A}
		{88372F0E-F44B-57BF-BDCD-FA1E29A153F0} = {53E47842-3FC8-3998-A828-34EB942B241A}
	EndGlobalSection
EndGlobal
