<?xml version="1.0" encoding="utf-8"?>
<Project ToolsVersion="4.0" xmlns="http://schemas.microsoft.com/developer/msbuild/2003">
  <ItemGroup>
    <Filter Include="inc">
      <UniqueIdentifier>{bf6d00b6-0612-4e99-9898-b576fd711425}</UniqueIdentifier>
    </Filter>
    <Filter Include="src">
      <UniqueIdentifier>{788bb051-d159-43f4-b18f-a4635dc58a5d}</UniqueIdentifier>
    </Filter>
  </ItemGroup>
  <ItemGroup>
    <ClCompile Include="src\main.cpp">
      <Filter>src</Filter>
    </ClCompile>
  </ItemGroup>
</Project>